
Microsoft Visual Studio Solution File, Format Version 12.00
Project("{FAE04EC0-301F-11D3-BF4B-00C04F79EFBC}") = "AOC2022", "AOC2022\AOC2022.csproj", "{10C943B1-0910-4C8F-A475-658DA861C2FB}"
EndProject
Project("{FAE04EC0-301F-11D3-BF4B-00C04F79EFBC}") = "AOC.Services", "AOC.Services\AOC.Services.csproj", "{B3012204-80C3-4130-BE94-8C81EC37C7F4}"
EndProject
Global
	GlobalSection(SolutionConfigurationPlatforms) = preSolution
		Debug|Any CPU = Debug|Any CPU
		Release|Any CPU = Release|Any CPU
	EndGlobalSection
	GlobalSection(ProjectConfigurationPlatforms) = postSolution
		{10C943B1-0910-4C8F-A475-658DA861C2FB}.Debug|Any CPU.ActiveCfg = Debug|Any CPU
		{10C943B1-0910-4C8F-A475-658DA861C2FB}.Debug|Any CPU.Build.0 = Debug|Any CPU
		{10C943B1-0910-4C8F-A475-658DA861C2FB}.Release|Any CPU.ActiveCfg = Release|Any CPU
		{10C943B1-0910-4C8F-A475-658DA861C2FB}.Release|Any CPU.Build.0 = Release|Any CPU
		{B3012204-80C3-4130-BE94-8C81EC37C7F4}.Debug|Any CPU.ActiveCfg = Debug|Any CPU
		{B3012204-80C3-4130-BE94-8C81EC37C7F4}.Debug|Any CPU.Build.0 = Debug|Any CPU
		{B3012204-80C3-4130-BE94-8C81EC37C7F4}.Release|Any CPU.ActiveCfg = Release|Any CPU
		{B3012204-80C3-4130-BE94-8C81EC37C7F4}.Release|Any CPU.Build.0 = Release|Any CPU
	EndGlobalSection
EndGlobal
